
Microsoft Visual Studio Solution File, Format Version 12.00
# Visual Studio 15
VisualStudioVersion = 15.0.27004.2009
MinimumVisualStudioVersion = 10.0.40219.1
Project("{FAE04EC0-301F-11D3-BF4B-00C04F79EFBC}") = "shop.Models", "shop.Models\shop.Models.csproj", "{635CA2E0-4547-4D6B-89CB-09EA7FB6AE88}"
EndProject
Global
	GlobalSection(SolutionConfigurationPlatforms) = preSolution
		Debug|Any CPU = Debug|Any CPU
		Release|Any CPU = Release|Any CPU
	EndGlobalSection
	GlobalSection(ProjectConfigurationPlatforms) = postSolution
		{635CA2E0-4547-4D6B-89CB-09EA7FB6AE88}.Debug|Any CPU.ActiveCfg = Debug|Any CPU
		{635CA2E0-4547-4D6B-89CB-09EA7FB6AE88}.Debug|Any CPU.Build.0 = Debug|Any CPU
		{635CA2E0-4547-4D6B-89CB-09EA7FB6AE88}.Release|Any CPU.ActiveCfg = Release|Any CPU
		{635CA2E0-4547-4D6B-89CB-09EA7FB6AE88}.Release|Any CPU.Build.0 = Release|Any CPU
	EndGlobalSection
	GlobalSection(SolutionProperties) = preSolution
		HideSolutionNode = FALSE
	EndGlobalSection
	GlobalSection(ExtensibilityGlobals) = postSolution
		SolutionGuid = {F79D68E9-B2CF-4CA3-9F73-AB40B9B243EF}
	EndGlobalSection
EndGlobal
